
Microsoft Visual Studio Solution File, Format Version 12.00
# Visual Studio Version 16
VisualStudioVersion = 16.0.29709.97
MinimumVisualStudioVersion = 10.0.40219.1
Project("{FAE04EC0-301F-11D3-BF4B-00C04F79EFBC}") = "ViewsModels", "ViewsModels\ViewsModels.csproj", "{8572B4DF-CBA8-4590-8332-73395CCD05F0}"
EndProject
Global
	GlobalSection(SolutionConfigurationPlatforms) = preSolution
		Debug|Any CPU = Debug|Any CPU
		Release|Any CPU = Release|Any CPU
	EndGlobalSection
	GlobalSection(ProjectConfigurationPlatforms) = postSolution
		{8572B4DF-CBA8-4590-8332-73395CCD05F0}.Debug|Any CPU.ActiveCfg = Debug|Any CPU
		{8572B4DF-CBA8-4590-8332-73395CCD05F0}.Debug|Any CPU.Build.0 = Debug|Any CPU
		{8572B4DF-CBA8-4590-8332-73395CCD05F0}.Release|Any CPU.ActiveCfg = Release|Any CPU
		{8572B4DF-CBA8-4590-8332-73395CCD05F0}.Release|Any CPU.Build.0 = Release|Any CPU
	EndGlobalSection
	GlobalSection(SolutionProperties) = preSolution
		HideSolutionNode = FALSE
	EndGlobalSection
	GlobalSection(ExtensibilityGlobals) = postSolution
		SolutionGuid = {42E78C7B-654C-494C-9F14-A08B3AEE1BA8}
	EndGlobalSection
EndGlobal
